# This file is autogenerated, do not edit; changes may be undone by the next 'dep ensure'.


[[projects]]
  name = "github.com/aws/aws-lambda-go"
  packages = [
    "events",
    "lambda",
    "lambda/messages",
    "lambdacontext"
  ]
  revision = "2d482ef09017ae953b1e8d5a6ddac5b696663a3c"
  version = "v1.6.0"

[[projects]]
  name = "github.com/line/line-bot-sdk-go"
  packages = ["linebot"]
  revision = "d787aef1744dc11dbde0fac149e6fbbdbe29d3d6"
  version = "v4.0.0"

[[projects]]
  name = "github.com/shuheiktgw/go-lambda-linebot"
  packages = ["parser"]
  revision = "3719b24f3c7dab78ec8d13ed0034fd385a0411c2"
  version = "v0.0.2"

[solve-meta]
  analyzer-name = "dep"
  analyzer-version = 1
  inputs-digest = "99b3add01dce95008d4628f1db686cf9315982174c6a3495921db0b1fa6484b6"
  solver-name = "gps-cdcl"
  solver-version = 1
